
Microsoft Visual Studio Solution File, Format Version 12.00
# Visual Studio Version 17
VisualStudioVersion = 17.4.33122.133
MinimumVisualStudioVersion = 10.0.40219.1
Project("{2150E333-8FDC-42A3-9474-1A3956D46DE8}") = "src", "src", "{90F4D1AB-532E-442B-9592-8A6184384C66}"
EndProject
Project("{2150E333-8FDC-42A3-9474-1A3956D46DE8}") = "API", "API", "{9800A4EE-BBD1-462E-8D4F-C0D8C73A2169}"
EndProject
Project("{9A19103F-16F7-4668-BE54-9A1E7A4F7556}") = "API", "API.csproj", "{B47FD599-242A-4906-9569-00A8F1135F66}"
EndProject
Project("{9A19103F-16F7-4668-BE54-9A1E7A4F7556}") = "api.Application", "..\api.Application\api.Application.csproj", "{A4F9E057-059B-439E-96F4-7740CEEAEE32}"
EndProject
Project("{2150E333-8FDC-42A3-9474-1A3956D46DE8}") = "Application", "Application", "{351BEC2D-5E95-40A2-9A23-B4B2AE6FD6CE}"
EndProject
Project("{2150E333-8FDC-42A3-9474-1A3956D46DE8}") = "Domain", "Domain", "{9575FB1A-D57F-40AC-9A0D-19E44AC60F86}"
EndProject
Project("{9A19103F-16F7-4668-BE54-9A1E7A4F7556}") = "api.Domain", "..\Api.domain\api.Domain.csproj", "{CA01B9FC-7F22-4479-A94B-D6771D338209}"
EndProject
Project("{2150E333-8FDC-42A3-9474-1A3956D46DE8}") = "Infrastructure", "Infrastructure", "{D288F0BF-C6E2-495D-98E3-C5B97001E4A4}"
EndProject
Project("{9A19103F-16F7-4668-BE54-9A1E7A4F7556}") = "api.Infrastructure", "..\api.Infrastructure\api.Infrastructure.csproj", "{244D8B4A-0838-44A5-9A2A-44AD69E88016}"
EndProject
Global
	GlobalSection(SolutionConfigurationPlatforms) = preSolution
		Debug|Any CPU = Debug|Any CPU
		Release|Any CPU = Release|Any CPU
	EndGlobalSection
	GlobalSection(ProjectConfigurationPlatforms) = postSolution
		{B47FD599-242A-4906-9569-00A8F1135F66}.Debug|Any CPU.ActiveCfg = Debug|Any CPU
		{B47FD599-242A-4906-9569-00A8F1135F66}.Debug|Any CPU.Build.0 = Debug|Any CPU
		{B47FD599-242A-4906-9569-00A8F1135F66}.Release|Any CPU.ActiveCfg = Release|Any CPU
		{B47FD599-242A-4906-9569-00A8F1135F66}.Release|Any CPU.Build.0 = Release|Any CPU
		{A4F9E057-059B-439E-96F4-7740CEEAEE32}.Debug|Any CPU.ActiveCfg = Debug|Any CPU
		{A4F9E057-059B-439E-96F4-7740CEEAEE32}.Debug|Any CPU.Build.0 = Debug|Any CPU
		{A4F9E057-059B-439E-96F4-7740CEEAEE32}.Release|Any CPU.ActiveCfg = Release|Any CPU
		{A4F9E057-059B-439E-96F4-7740CEEAEE32}.Release|Any CPU.Build.0 = Release|Any CPU
		{CA01B9FC-7F22-4479-A94B-D6771D338209}.Debug|Any CPU.ActiveCfg = Debug|Any CPU
		{CA01B9FC-7F22-4479-A94B-D6771D338209}.Debug|Any CPU.Build.0 = Debug|Any CPU
		{CA01B9FC-7F22-4479-A94B-D6771D338209}.Release|Any CPU.ActiveCfg = Release|Any CPU
		{CA01B9FC-7F22-4479-A94B-D6771D338209}.Release|Any CPU.Build.0 = Release|Any CPU
		{244D8B4A-0838-44A5-9A2A-44AD69E88016}.Debug|Any CPU.ActiveCfg = Debug|Any CPU
		{244D8B4A-0838-44A5-9A2A-44AD69E88016}.Debug|Any CPU.Build.0 = Debug|Any CPU
		{244D8B4A-0838-44A5-9A2A-44AD69E88016}.Release|Any CPU.ActiveCfg = Release|Any CPU
		{244D8B4A-0838-44A5-9A2A-44AD69E88016}.Release|Any CPU.Build.0 = Release|Any CPU
	EndGlobalSection
	GlobalSection(SolutionProperties) = preSolution
		HideSolutionNode = FALSE
	EndGlobalSection
	GlobalSection(NestedProjects) = preSolution
		{9800A4EE-BBD1-462E-8D4F-C0D8C73A2169} = {90F4D1AB-532E-442B-9592-8A6184384C66}
		{B47FD599-242A-4906-9569-00A8F1135F66} = {9800A4EE-BBD1-462E-8D4F-C0D8C73A2169}
		{A4F9E057-059B-439E-96F4-7740CEEAEE32} = {351BEC2D-5E95-40A2-9A23-B4B2AE6FD6CE}
		{351BEC2D-5E95-40A2-9A23-B4B2AE6FD6CE} = {90F4D1AB-532E-442B-9592-8A6184384C66}
		{9575FB1A-D57F-40AC-9A0D-19E44AC60F86} = {90F4D1AB-532E-442B-9592-8A6184384C66}
		{CA01B9FC-7F22-4479-A94B-D6771D338209} = {9575FB1A-D57F-40AC-9A0D-19E44AC60F86}
		{D288F0BF-C6E2-495D-98E3-C5B97001E4A4} = {90F4D1AB-532E-442B-9592-8A6184384C66}
		{244D8B4A-0838-44A5-9A2A-44AD69E88016} = {D288F0BF-C6E2-495D-98E3-C5B97001E4A4}
	EndGlobalSection
	GlobalSection(ExtensibilityGlobals) = postSolution
		SolutionGuid = {4ED32B06-9E21-4F4A-B652-42D931667405}
	EndGlobalSection
EndGlobal
